
Microsoft Visual Studio Solution File, Format Version 12.00
# Visual Studio 2017
Project("{FAE04EC0-301F-11D3-BF4B-00C04F79EFBC}") = "SpecialEffectsAI", "SpecialEffectsAI.csproj", "{5E24DC18-F9B0-ED1A-9E7E-B33F46893CFD}"
EndProject
Global
	GlobalSection(SolutionConfigurationPlatforms) = preSolution
		Debug|Any CPU = Debug|Any CPU
		Release|Any CPU = Release|Any CPU
	EndGlobalSection
	GlobalSection(ProjectConfigurationPlatforms) = postSolution
		{5E24DC18-F9B0-ED1A-9E7E-B33F46893CFD}.Debug|Any CPU.ActiveCfg = Debug|Any CPU
		{5E24DC18-F9B0-ED1A-9E7E-B33F46893CFD}.Debug|Any CPU.Build.0 = Debug|Any CPU
		{5E24DC18-F9B0-ED1A-9E7E-B33F46893CFD}.Release|Any CPU.ActiveCfg = Release|Any CPU
		{5E24DC18-F9B0-ED1A-9E7E-B33F46893CFD}.Release|Any CPU.Build.0 = Release|Any CPU
	EndGlobalSection
	GlobalSection(SolutionProperties) = preSolution
		HideSolutionNode = FALSE
	EndGlobalSection
EndGlobal
